{
  "name": "drug-map-frontend",
  "lockfileVersion": 3,
  "requires": true,
  "packages": {
    "": {
      "name": "drug-map-frontend",
      "dependencies": {
        "map-ui-common": "github:bnc4vk/map-ui-common"
      }
    },
    "node_modules/map-ui-common": {
      "version": "0.0.0",
      "resolved": "git+ssh://git@github.com/bnc4vk/map-ui-common.git#fa9ba0e8e82f5a2eb3c7be7f193b2251385493f9"
    }
  }
}
